// !$*UTF8*$!
{
	archiveVersion = 1;
	classes = {
	};
	objectVersion = 46;
	objects = {

/* Begin PBXBuildFile section */
		2330FDE813354FC30077CF07 /* UIKit.framework in Frameworks */ = {isa = PBXBuildFile; fileRef = 2330FDE713354FC30077CF07 /* UIKit.framework */; };
		2330FDEA13354FC30077CF07 /* Foundation.framework in Frameworks */ = {isa = PBXBuildFile; fileRef = 2330FDE913354FC30077CF07 /* Foundation.framework */; };
		2330FDEC13354FC30077CF07 /* CoreGraphics.framework in Frameworks */ = {isa = PBXBuildFile; fileRef = 2330FDEB13354FC30077CF07 /* CoreGraphics.framework */; };
		2330FDF213354FC30077CF07 /* InfoPlist.strings in Resources */ = {isa = PBXBuildFile; fileRef = 2330FDF013354FC30077CF07 /* InfoPlist.strings */; };
		2330FDF513354FC30077CF07 /* main.m in Sources */ = {isa = PBXBuildFile; fileRef = 2330FDF413354FC30077CF07 /* main.m */; };
		2330FDF813354FC30077CF07 /* TestXCodeGitAppDelegate.m in Sources */ = {isa = PBXBuildFile; fileRef = 2330FDF713354FC30077CF07 /* TestXCodeGitAppDelegate.m */; };
		2330FDFB13354FC30077CF07 /* MainWindow.xib in Resources */ = {isa = PBXBuildFile; fileRef = 2330FDF913354FC30077CF07 /* MainWindow.xib */; };
		2330FDFE13354FC30077CF07 /* RootViewController.m in Sources */ = {isa = PBXBuildFile; fileRef = 2330FDFD13354FC30077CF07 /* RootViewController.m */; };
		2330FE0113354FC30077CF07 /* RootViewController.xib in Resources */ = {isa = PBXBuildFile; fileRef = 2330FDFF13354FC30077CF07 /* RootViewController.xib */; };
		2330FE0813354FC30077CF07 /* UIKit.framework in Frameworks */ = {isa = PBXBuildFile; fileRef = 2330FDE713354FC30077CF07 /* UIKit.framework */; };
		2330FE0913354FC30077CF07 /* Foundation.framework in Frameworks */ = {isa = PBXBuildFile; fileRef = 2330FDE913354FC30077CF07 /* Foundation.framework */; };
		2330FE0A13354FC30077CF07 /* CoreGraphics.framework in Frameworks */ = {isa = PBXBuildFile; fileRef = 2330FDEB13354FC30077CF07 /* CoreGraphics.framework */; };
		2330FE1213354FC30077CF07 /* InfoPlist.strings in Resources */ = {isa = PBXBuildFile; fileRef = 2330FE1013354FC30077CF07 /* InfoPlist.strings */; };
		2330FE1513354FC30077CF07 /* TestXCodeGitTests.h in Resources */ = {isa = PBXBuildFile; fileRef = 2330FE1413354FC30077CF07 /* TestXCodeGitTests.h */; };
		2330FE1713354FC30077CF07 /* TestXCodeGitTests.m in Sources */ = {isa = PBXBuildFile; fileRef = 2330FE1613354FC30077CF07 /* TestXCodeGitTests.m */; };
/* End PBXBuildFile section */

/* Begin PBXContainerItemProxy section */
		2330FE0B13354FC30077CF07 /* PBXContainerItemProxy */ = {
			isa = PBXContainerItemProxy;
			containerPortal = 2330FDDA13354FC30077CF07 /* Project object */;
			proxyType = 1;
			remoteGlobalIDString = 2330FDE213354FC30077CF07;
			remoteInfo = TestXCodeGit;
		};
/* End PBXContainerItemProxy section */

/* Begin PBXFileReference section */
		2330FDE313354FC30077CF07 /* TestXCodeGit.app */ = {isa = PBXFileReference; explicitFileType = wrapper.application; includeInIndex = 0; path = TestXCodeGit.app; sourceTree = BUILT_PRODUCTS_DIR; };
		2330FDE713354FC30077CF07 /* UIKit.framework */ = {isa = PBXFileReference; lastKnownFileType = wrapper.framework; name = UIKit.framework; path = System/Library/Frameworks/UIKit.framework; sourceTree = SDKROOT; };
		2330FDE913354FC30077CF07 /* Foundation.framework */ = {isa = PBXFileReference; lastKnownFileType = wrapper.framework; name = Foundation.framework; path = System/Library/Frameworks/Foundation.framework; sourceTree = SDKROOT; };
		2330FDEB13354FC30077CF07 /* CoreGraphics.framework */ = {isa = PBXFileReference; lastKnownFileType = wrapper.framework; name = CoreGraphics.framework; path = System/Library/Frameworks/CoreGraphics.framework; sourceTree = SDKROOT; };
		2330FDEF13354FC30077CF07 /* TestXCodeGit-Info.plist */ = {isa = PBXFileReference; lastKnownFileType = text.plist.xml; path = "TestXCodeGit-Info.plist"; sourceTree = "<group>"; };
		2330FDF113354FC30077CF07 /* en */ = {isa = PBXFileReference; lastKnownFileType = text.plist.strings; name = en; path = en.lproj/InfoPlist.strings; sourceTree = "<group>"; };
		2330FDF313354FC30077CF07 /* TestXCodeGit-Prefix.pch */ = {isa = PBXFileReference; lastKnownFileType = sourcecode.c.h; path = "TestXCodeGit-Prefix.pch"; sourceTree = "<group>"; };
		2330FDF413354FC30077CF07 /* main.m */ = {isa = PBXFileReference; lastKnownFileType = sourcecode.c.objc; path = main.m; sourceTree = "<group>"; };
		2330FDF613354FC30077CF07 /* TestXCodeGitAppDelegate.h */ = {isa = PBXFileReference; lastKnownFileType = sourcecode.c.h; path = TestXCodeGitAppDelegate.h; sourceTree = "<group>"; };
		2330FDF713354FC30077CF07 /* TestXCodeGitAppDelegate.m */ = {isa = PBXFileReference; lastKnownFileType = sourcecode.c.objc; path = TestXCodeGitAppDelegate.m; sourceTree = "<group>"; };
		2330FDFA13354FC30077CF07 /* en */ = {isa = PBXFileReference; lastKnownFileType = file.xib; name = en; path = en.lproj/MainWindow.xib; sourceTree = "<group>"; };
		2330FDFC13354FC30077CF07 /* RootViewController.h */ = {isa = PBXFileReference; lastKnownFileType = sourcecode.c.h; path = RootViewController.h; sourceTree = "<group>"; };
		2330FDFD13354FC30077CF07 /* RootViewController.m */ = {isa = PBXFileReference; lastKnownFileType = sourcecode.c.objc; path = RootViewController.m; sourceTree = "<group>"; };
		2330FE0013354FC30077CF07 /* en */ = {isa = PBXFileReference; lastKnownFileType = file.xib; name = en; path = en.lproj/RootViewController.xib; sourceTree = "<group>"; };
		2330FE0713354FC30077CF07 /* TestXCodeGitTests.octest */ = {isa = PBXFileReference; explicitFileType = wrapper.cfbundle; includeInIndex = 0; path = TestXCodeGitTests.octest; sourceTree = BUILT_PRODUCTS_DIR; };
		2330FE0F13354FC30077CF07 /* TestXCodeGitTests-Info.plist */ = {isa = PBXFileReference; lastKnownFileType = text.plist.xml; path = "TestXCodeGitTests-Info.plist"; sourceTree = "<group>"; };
		2330FE1113354FC30077CF07 /* en */ = {isa = PBXFileReference; lastKnownFileType = text.plist.strings; name = en; path = en.lproj/InfoPlist.strings; sourceTree = "<group>"; };
		2330FE1313354FC30077CF07 /* TestXCodeGitTests-Prefix.pch */ = {isa = PBXFileReference; lastKnownFileType = sourcecode.c.h; path = "TestXCodeGitTests-Prefix.pch"; sourceTree = "<group>"; };
		2330FE1413354FC30077CF07 /* TestXCodeGitTests.h */ = {isa = PBXFileReference; lastKnownFileType = sourcecode.c.h; path = TestXCodeGitTests.h; sourceTree = "<group>"; };
		2330FE1613354FC30077CF07 /* TestXCodeGitTests.m */ = {isa = PBXFileReference; lastKnownFileType = sourcecode.c.objc; path = TestXCodeGitTests.m; sourceTree = "<group>"; };
/* End PBXFileReference section */

/* Begin PBXFrameworksBuildPhase section */
		2330FDE013354FC30077CF07 /* Frameworks */ = {
			isa = PBXFrameworksBuildPhase;
			buildActionMask = 2147483647;
			files = (
				2330FDE813354FC30077CF07 /* UIKit.framework in Frameworks */,
				2330FDEA13354FC30077CF07 /* Foundation.framework in Frameworks */,
				2330FDEC13354FC30077CF07 /* CoreGraphics.framework in Frameworks */,
			);
			runOnlyForDeploymentPostprocessing = 0;
		};
		2330FE0313354FC30077CF07 /* Frameworks */ = {
			isa = PBXFrameworksBuildPhase;
			buildActionMask = 2147483647;
			files = (
				2330FE0813354FC30077CF07 /* UIKit.framework in Frameworks */,
				2330FE0913354FC30077CF07 /* Foundation.framework in Frameworks */,
				2330FE0A13354FC30077CF07 /* CoreGraphics.framework in Frameworks */,
			);
			runOnlyForDeploymentPostprocessing = 0;
		};
/* End PBXFrameworksBuildPhase section */

/* Begin PBXGroup section */
		2330FDD813354FC30077CF07 = {
			isa = PBXGroup;
			children = (
				2330FDED13354FC30077CF07 /* TestXCodeGit */,
				2330FE0D13354FC30077CF07 /* TestXCodeGitTests */,
				2330FDE613354FC30077CF07 /* Frameworks */,
				2330FDE413354FC30077CF07 /* Products */,
			);
			sourceTree = "<group>";
		};
		2330FDE413354FC30077CF07 /* Products */ = {
			isa = PBXGroup;
			children = (
				2330FDE313354FC30077CF07 /* TestXCodeGit.app */,
				2330FE0713354FC30077CF07 /* TestXCodeGitTests.octest */,
			);
			name = Products;
			sourceTree = "<group>";
		};
		2330FDE613354FC30077CF07 /* Frameworks */ = {
			isa = PBXGroup;
			children = (
				2330FDE713354FC30077CF07 /* UIKit.framework */,
				2330FDE913354FC30077CF07 /* Foundation.framework */,
				2330FDEB13354FC30077CF07 /* CoreGraphics.framework */,
			);
			name = Frameworks;
			sourceTree = "<group>";
		};
		2330FDED13354FC30077CF07 /* TestXCodeGit */ = {
			isa = PBXGroup;
			children = (
				2330FDF613354FC30077CF07 /* TestXCodeGitAppDelegate.h */,
				2330FDF713354FC30077CF07 /* TestXCodeGitAppDelegate.m */,
				2330FDF913354FC30077CF07 /* MainWindow.xib */,
				2330FDFC13354FC30077CF07 /* RootViewController.h */,
				2330FDFD13354FC30077CF07 /* RootViewController.m */,
				2330FDFF13354FC30077CF07 /* RootViewController.xib */,
				2330FDEE13354FC30077CF07 /* Supporting Files */,
			);
			path = TestXCodeGit;
			sourceTree = "<group>";
		};
		2330FDEE13354FC30077CF07 /* Supporting Files */ = {
			isa = PBXGroup;
			children = (
				2330FDEF13354FC30077CF07 /* TestXCodeGit-Info.plist */,
				2330FDF013354FC30077CF07 /* InfoPlist.strings */,
				2330FDF313354FC30077CF07 /* TestXCodeGit-Prefix.pch */,
				2330FDF413354FC30077CF07 /* main.m */,
			);
			name = "Supporting Files";
			sourceTree = "<group>";
		};
		2330FE0D13354FC30077CF07 /* TestXCodeGitTests */ = {
			isa = PBXGroup;
			children = (
				2330FE1413354FC30077CF07 /* TestXCodeGitTests.h */,
				2330FE1613354FC30077CF07 /* TestXCodeGitTests.m */,
				2330FE0E13354FC30077CF07 /* Supporting Files */,
			);
			path = TestXCodeGitTests;
			sourceTree = "<group>";
		};
		2330FE0E13354FC30077CF07 /* Supporting Files */ = {
			isa = PBXGroup;
			children = (
				2330FE0F13354FC30077CF07 /* TestXCodeGitTests-Info.plist */,
				2330FE1013354FC30077CF07 /* InfoPlist.strings */,
				2330FE1313354FC30077CF07 /* TestXCodeGitTests-Prefix.pch */,
			);
			name = "Supporting Files";
			sourceTree = "<group>";
		};
/* End PBXGroup section */

/* Begin PBXNativeTarget section */
		2330FDE213354FC30077CF07 /* TestXCodeGit */ = {
			isa = PBXNativeTarget;
			buildConfigurationList = 2330FE1A13354FC30077CF07 /* Build configuration list for PBXNativeTarget "TestXCodeGit" */;
			buildPhases = (
				2330FDDF13354FC30077CF07 /* Sources */,
				2330FDE013354FC30077CF07 /* Frameworks */,
				2330FDE113354FC30077CF07 /* Resources */,
			);
			buildRules = (
			);
			dependencies = (
			);
			name = TestXCodeGit;
			productName = TestXCodeGit;
			productReference = 2330FDE313354FC30077CF07 /* TestXCodeGit.app */;
			productType = "com.apple.product-type.application";
		};
		2330FE0613354FC30077CF07 /* TestXCodeGitTests */ = {
			isa = PBXNativeTarget;
			buildConfigurationList = 2330FE1D13354FC30077CF07 /* Build configuration list for PBXNativeTarget "TestXCodeGitTests" */;
			buildPhases = (
				2330FE0213354FC30077CF07 /* Sources */,
				2330FE0313354FC30077CF07 /* Frameworks */,
				2330FE0413354FC30077CF07 /* Resources */,
				2330FE0513354FC30077CF07 /* ShellScript */,
			);
			buildRules = (
			);
			dependencies = (
				2330FE0C13354FC30077CF07 /* PBXTargetDependency */,
			);
			name = TestXCodeGitTests;
			productName = TestXCodeGitTests;
			productReference = 2330FE0713354FC30077CF07 /* TestXCodeGitTests.octest */;
			productType = "com.apple.product-type.bundle";
		};
/* End PBXNativeTarget section */

/* Begin PBXProject section */
		2330FDDA13354FC30077CF07 /* Project object */ = {
			isa = PBXProject;
			buildConfigurationList = 2330FDDD13354FC30077CF07 /* Build configuration list for PBXProject "TestXCodeGit" */;
			compatibilityVersion = "Xcode 3.2";
			developmentRegion = English;
			hasScannedForEncodings = 0;
			knownRegions = (
				en,
			);
			mainGroup = 2330FDD813354FC30077CF07;
			productRefGroup = 2330FDE413354FC30077CF07 /* Products */;
			projectDirPath = "";
			projectRoot = "";
			targets = (
				2330FDE213354FC30077CF07 /* TestXCodeGit */,
				2330FE0613354FC30077CF07 /* TestXCodeGitTests */,
			);
		};
/* End PBXProject section */

/* Begin PBXResourcesBuildPhase section */
		2330FDE113354FC30077CF07 /* Resources */ = {
			isa = PBXResourcesBuildPhase;
			buildActionMask = 2147483647;
			files = (
				2330FDF213354FC30077CF07 /* InfoPlist.strings in Resources */,
				2330FDFB13354FC30077CF07 /* MainWindow.xib in Resources */,
				2330FE0113354FC30077CF07 /* RootViewController.xib in Resources */,
			);
			runOnlyForDeploymentPostprocessing = 0;
		};
		2330FE0413354FC30077CF07 /* Resources */ = {
			isa = PBXResourcesBuildPhase;
			buildActionMask = 2147483647;
			files = (
				2330FE1213354FC30077CF07 /* InfoPlist.strings in Resources */,
				2330FE1513354FC30077CF07 /* TestXCodeGitTests.h in Resources */,
			);
			runOnlyForDeploymentPostprocessing = 0;
		};
/* End PBXResourcesBuildPhase section */

/* Begin PBXShellScriptBuildPhase section */
		2330FE0513354FC30077CF07 /* ShellScript */ = {
			isa = PBXShellScriptBuildPhase;
			buildActionMask = 2147483647;
			files = (
			);
			inputPaths = (
			);
			outputPaths = (
			);
			runOnlyForDeploymentPostprocessing = 0;
			shellPath = /bin/sh;
			shellScript = "# Run the unit tests in this test bundle.\n\"${SYSTEM_DEVELOPER_DIR}/Tools/RunUnitTests\"\n";
		};
/* End PBXShellScriptBuildPhase section */

/* Begin PBXSourcesBuildPhase section */
		2330FDDF13354FC30077CF07 /* Sources */ = {
			isa = PBXSourcesBuildPhase;
			buildActionMask = 2147483647;
			files = (
				2330FDF513354FC30077CF07 /* main.m in Sources */,
				2330FDF813354FC30077CF07 /* TestXCodeGitAppDelegate.m in Sources */,
				2330FDFE13354FC30077CF07 /* RootViewController.m in Sources */,
			);
			runOnlyForDeploymentPostprocessing = 0;
		};
		2330FE0213354FC30077CF07 /* Sources */ = {
			isa = PBXSourcesBuildPhase;
			buildActionMask = 2147483647;
			files = (
				2330FE1713354FC30077CF07 /* TestXCodeGitTests.m in Sources */,
			);
			runOnlyForDeploymentPostprocessing = 0;
		};
/* End PBXSourcesBuildPhase section */

/* Begin PBXTargetDependency section */
		2330FE0C13354FC30077CF07 /* PBXTargetDependency */ = {
			isa = PBXTargetDependency;
			target = 2330FDE213354FC30077CF07 /* TestXCodeGit */;
			targetProxy = 2330FE0B13354FC30077CF07 /* PBXContainerItemProxy */;
		};
/* End PBXTargetDependency section */

/* Begin PBXVariantGroup section */
		2330FDF013354FC30077CF07 /* InfoPlist.strings */ = {
			isa = PBXVariantGroup;
			children = (
				2330FDF113354FC30077CF07 /* en */,
			);
			name = InfoPlist.strings;
			sourceTree = "<group>";
		};
		2330FDF913354FC30077CF07 /* MainWindow.xib */ = {
			isa = PBXVariantGroup;
			children = (
				2330FDFA13354FC30077CF07 /* en */,
			);
			name = MainWindow.xib;
			sourceTree = "<group>";
		};
		2330FDFF13354FC30077CF07 /* RootViewController.xib */ = {
			isa = PBXVariantGroup;
			children = (
				2330FE0013354FC30077CF07 /* en */,
			);
			name = RootViewController.xib;
			sourceTree = "<group>";
		};
		2330FE1013354FC30077CF07 /* InfoPlist.strings */ = {
			isa = PBXVariantGroup;
			children = (
				2330FE1113354FC30077CF07 /* en */,
			);
			name = InfoPlist.strings;
			sourceTree = "<group>";
		};
/* End PBXVariantGroup section */

/* Begin XCBuildConfiguration section */
		2330FE1813354FC30077CF07 /* Debug */ = {
			isa = XCBuildConfiguration;
			buildSettings = {
				ARCHS = "$(ARCHS_STANDARD_32_BIT)";
				"CODE_SIGN_IDENTITY[sdk=iphoneos*]" = "iPhone Developer";
				GCC_C_LANGUAGE_STANDARD = gnu99;
				GCC_OPTIMIZATION_LEVEL = 0;
				GCC_PREPROCESSOR_DEFINITIONS = DEBUG;
				GCC_SYMBOLS_PRIVATE_EXTERN = NO;
				GCC_VERSION = com.apple.compilers.llvmgcc42;
				GCC_WARN_ABOUT_RETURN_TYPE = YES;
				GCC_WARN_UNUSED_VARIABLE = YES;
				IPHONEOS_DEPLOYMENT_TARGET = 4.3;
				SDKROOT = iphoneos;
			};
			name = Debug;
		};
		2330FE1913354FC30077CF07 /* Release */ = {
			isa = XCBuildConfiguration;
			buildSettings = {
				ARCHS = "$(ARCHS_STANDARD_32_BIT)";
				"CODE_SIGN_IDENTITY[sdk=iphoneos*]" = "iPhone Developer";
				GCC_C_LANGUAGE_STANDARD = gnu99;
				GCC_VERSION = com.apple.compilers.llvmgcc42;
				GCC_WARN_ABOUT_RETURN_TYPE = YES;
				GCC_WARN_UNUSED_VARIABLE = YES;
				IPHONEOS_DEPLOYMENT_TARGET = 4.3;
				OTHER_CFLAGS = "-DNS_BLOCK_ASSERTIONS=1";
				SDKROOT = iphoneos;
			};
			name = Release;
		};
		2330FE1B13354FC30077CF07 /* Debug */ = {
			isa = XCBuildConfiguration;
			buildSettings = {
				ALWAYS_SEARCH_USER_PATHS = NO;
				COPY_PHASE_STRIP = NO;
				GCC_DYNAMIC_NO_PIC = NO;
				GCC_PRECOMPILE_PREFIX_HEADER = YES;
				GCC_PREFIX_HEADER = "TestXCodeGit/TestXCodeGit-Prefix.pch";
				INFOPLIST_FILE = "TestXCodeGit/TestXCodeGit-Info.plist";
				PRODUCT_NAME = "$(TARGET_NAME)";
				WRAPPER_EXTENSION = app;
			};
			name = Debug;
		};
		2330FE1C13354FC30077CF07 /* Release */ = {
			isa = XCBuildConfiguration;
			buildSettings = {
				ALWAYS_SEARCH_USER_PATHS = NO;
				COPY_PHASE_STRIP = YES;
				GCC_PRECOMPILE_PREFIX_HEADER = YES;
				GCC_PREFIX_HEADER = "TestXCodeGit/TestXCodeGit-Prefix.pch";
				INFOPLIST_FILE = "TestXCodeGit/TestXCodeGit-Info.plist";
				PRODUCT_NAME = "$(TARGET_NAME)";
				VALIDATE_PRODUCT = YES;
				WRAPPER_EXTENSION = app;
			};
			name = Release;
		};
		2330FE1E13354FC30077CF07 /* Debug */ = {
			isa = XCBuildConfiguration;
			buildSettings = {
				ALWAYS_SEARCH_USER_PATHS = NO;
				BUNDLE_LOADER = "$(BUILT_PRODUCTS_DIR)/TestXCodeGit.app/TestXCodeGit";
				FRAMEWORK_SEARCH_PATHS = (
					"$(SDKROOT)/Developer/Library/Frameworks",
					"$(DEVELOPER_LIBRARY_DIR)/Frameworks",
				);
				GCC_PRECOMPILE_PREFIX_HEADER = YES;
				GCC_PREFIX_HEADER = "TestXCodeGitTests/TestXCodeGitTests-Prefix.pch";
				INFOPLIST_FILE = "TestXCodeGitTests/TestXCodeGitTests-Info.plist";
				OTHER_LDFLAGS = (
					"-framework",
					SenTestingKit,
				);
				PRODUCT_NAME = "$(TARGET_NAME)";
				TEST_HOST = "$(BUNDLE_LOADER)";
				WRAPPER_EXTENSION = octest;
			};
			name = Debug;
		};
		2330FE1F13354FC30077CF07 /* Release */ = {
			isa = XCBuildConfiguration;
			buildSettings = {
				ALWAYS_SEARCH_USER_PATHS = NO;
				BUNDLE_LOADER = "$(BUILT_PRODUCTS_DIR)/TestXCodeGit.app/TestXCodeGit";
				FRAMEWORK_SEARCH_PATHS = (
					"$(SDKROOT)/Developer/Library/Frameworks",
					"$(DEVELOPER_LIBRARY_DIR)/Frameworks",
				);
				GCC_PRECOMPILE_PREFIX_HEADER = YES;
				GCC_PREFIX_HEADER = "TestXCodeGitTests/TestXCodeGitTests-Prefix.pch";
				INFOPLIST_FILE = "TestXCodeGitTests/TestXCodeGitTests-Info.plist";
				OTHER_LDFLAGS = (
					"-framework",
					SenTestingKit,
				);
				PRODUCT_NAME = "$(TARGET_NAME)";
				TEST_HOST = "$(BUNDLE_LOADER)";
				WRAPPER_EXTENSION = octest;
			};
			name = Release;
		};
/* End XCBuildConfiguration section */

/* Begin XCConfigurationList section */
		2330FDDD13354FC30077CF07 /* Build configuration list for PBXProject "TestXCodeGit" */ = {
			isa = XCConfigurationList;
			buildConfigurations = (
				2330FE1813354FC30077CF07 /* Debug */,
				2330FE1913354FC30077CF07 /* Release */,
			);
			defaultConfigurationIsVisible = 0;
			defaultConfigurationName = Release;
		};
		2330FE1A13354FC30077CF07 /* Build configuration list for PBXNativeTarget "TestXCodeGit" */ = {
			isa = XCConfigurationList;
			buildConfigurations = (
				2330FE1B13354FC30077CF07 /* Debug */,
				2330FE1C13354FC30077CF07 /* Release */,
			);
			defaultConfigurationIsVisible = 0;
		};
		2330FE1D13354FC30077CF07 /* Build configuration list for PBXNativeTarget "TestXCodeGitTests" */ = {
			isa = XCConfigurationList;
			buildConfigurations = (
				2330FE1E13354FC30077CF07 /* Debug */,
				2330FE1F13354FC30077CF07 /* Release */,
			);
			defaultConfigurationIsVisible = 0;
		};
/* End XCConfigurationList section */
	};
	rootObject = 2330FDDA13354FC30077CF07 /* Project object */;
}
